Microsoft Visual Studio Solution File, Format Version 12.00
# Visual Studio Version 17
VisualStudioVersion = 17.5.2.0
MinimumVisualStudioVersion = 10.0.40219.1
Project("{FAE04EC0-301F-11D3-BF4B-00C04F79EFBC}") = "AspNetCore10WithApacheECharts", "AspNetCore10WithApacheECharts.csproj", "{4BC856ED-D110-3B20-1FF8-B7204692149E}"
EndProject
Global
	GlobalSection(SolutionConfigurationPlatforms) = preSolution
		Debug|Any CPU = Debug|Any CPU
		Release|Any CPU = Release|Any CPU
	EndGlobalSection
	GlobalSection(ProjectConfigurationPlatforms) = postSolution
		{4BC856ED-D110-3B20-1FF8-B7204692149E}.Debug|Any CPU.ActiveCfg = Debug|Any CPU
		{4BC856ED-D110-3B20-1FF8-B7204692149E}.Debug|Any CPU.Build.0 = Debug|Any CPU
		{4BC856ED-D110-3B20-1FF8-B7204692149E}.Release|Any CPU.ActiveCfg = Release|Any CPU
		{4BC856ED-D110-3B20-1FF8-B7204692149E}.Release|Any CPU.Build.0 = Release|Any CPU
	EndGlobalSection
	GlobalSection(SolutionProperties) = preSolution
		HideSolutionNode = FALSE
	EndGlobalSection
	GlobalSection(ExtensibilityGlobals) = postSolution
		SolutionGuid = {5BCDE1CE-5988-49D1-A4F8-044D04F898FF}
	EndGlobalSection
EndGlobal
